# Phase 0 Environment Snapshot
# Generated: 2026-06-10 (branch: refactor/overhaul)
# Purpose: Pin current environment before any refactoring begins.
# Regeneration: cd /home/hoky/Quants-agent && uv lock && uv sync --extra dev

## Python Environment

uv_version: 0.11.7
uv_path: /home/hoky/.local/bin/uv
python_version: 3.11.15 (CPython, Clang 22.1.3)
python_constraint: ">=3.11,<3.14"  # pyproject.toml as-of Phase 0
venv_path: .venv

## Resolved Package Versions (from uv.lock, Python 3.11.15)

numpy==2.4.6
polars==1.35.2
polars-runtime-32==1.35.2
pandas==2.3.3
psycopg==3.3.4
psycopg-binary==3.3.4
ta-lib==0.6.8
python-dotenv==1.2.2
PyYAML==6.0.3
typing-extensions==4.15.0
python-dateutil==2.9.0.post0
pytz==2026.2
tzdata==2026.2
six==1.17.0
packaging==26.2
pyproject-hooks==1.2.0
build==1.5.0

# Dev extras
pytest==9.0.3
ruff==0.15.16
pluggy==1.6.0
iniconfig==2.3.0
pygments==2.20.0

# Note: numba, optuna, websockets, cudf-polars-cu12 are optional extras
# not installed in base dev environment. They are listed in pyproject.toml
# under [project.optional-dependencies] optimize, live-binance, gpu extras.
# Phase 0.5 (Stack Lift) will resolve all optional extras on Python >=3.14.

## Rust Toolchain

rustc: 1.94.0 (4a4ef493e 2026-03-02)
cargo: 1.94.0 (85eff7c80 2026-01-15)

## Native Crates (native/*/Cargo.lock snapshot)

rust_metrics:
  crate: lumina_metrics v0.1.0
  cargo_lock_format: 4
  path: native/rust_metrics/Cargo.lock

rust_alpha_fold:
  crate: lumina_alpha_fold v0.1.0
  cargo_lock_format: 4
  path: native/rust_alpha_fold/Cargo.lock

rust_hybrid_optuna:
  crate: lumina_hybrid_optuna v0.1.0
  cargo_lock_format: 4
  path: native/rust_hybrid_optuna/Cargo.lock

rust_live_signals:
  crate: lumina_live_signals v0.1.0
  cargo_lock_format: 4
  path: native/rust_live_signals/Cargo.lock

rust_rawfirst:
  crate: lumina_rawfirst v0.1.0
  cargo_lock_format: 4
  path: native/rust_rawfirst/Cargo.lock

c_metrics:
  crate: c_metrics (pure C, no Cargo.lock)
  source: native/c_metrics/evaluate_metrics.c
  note: duplicate of rust_metrics kernels (max_drawdown + evaluate_metrics); scheduled for deletion in Phase 2

## Hardware Fingerprint

cpu: 12th Gen Intel(R) Core(TM) i5-12400F
cpu_cores: 12
ram_total_kb: 16251992  # ~15.5 GB
gpu: none (nvidia-smi not available / no GPU detected)
platform: linux/x86_64

## pyproject.toml Key Pins (as-of Phase 0)

requires-python: ">=3.11,<3.14"
build-backend: setuptools>=69 (setuptools.build_meta)
ruff.target-version: py311
ruff.line-length: 100

## Notes

- uv.lock was MISSING before Phase 0 (generated here for the first time).
- uv.lock committed at repo root as part of Phase 0a baseline.
- All six native crate Cargo.lock files are preserved in native/*/Cargo.lock.
- c_metrics has no Cargo.lock (pure C via Makefile/manual compilation).
- Phase 0.5 (Stack Lift) will regenerate uv.lock on Python >=3.14.
